{
    "name": "nodebb-plugin-ws-markdown",
    "version": "8.12.11",
    "lockfileVersion": 1,
    "requires": true,
    "dependencies": {
        "@hackmd/markdown-it-imsize": {
            "version": "2.0.4",
            "resolved": "https://registry.npmjs.org/@hackmd/markdown-it-imsize/-/markdown-it-imsize-2.0.4.tgz",
            "integrity": "sha512-4C4rCSyDmIEcWkQaedt7Cp1kaEaHp1d4m1fr5ZI41xouTGnLiVIz19xn/yeGazcQ1aYzSd81nY+hrHbPBT/QqQ=="
        },
        "argparse": {
            "version": "1.0.10",
            "resolved": "https://registry.npmjs.org/argparse/-/argparse-1.0.10.tgz",
            "integrity": "sha512-o5Roy6tNG4SL/FOkCAN6RzjiakZS25RLYFrcMttJqbdd8BWrnA+fGz57iN5Pb06pvBGvl5gQ0B48dJlslXvoTg==",
            "requires": {
                "sprintf-js": "~1.0.2"
            }
        },
        "entities": {
            "version": "1.1.2",
            "resolved": "https://registry.npmjs.org/entities/-/entities-1.1.2.tgz",
            "integrity": "sha512-f2LZMYl1Fzu7YSBKg+RoROelpOaNrcGmE9AZubeDfrCEia483oW4MI4VyFd5VNHIgQ/7qm1I0wUHK1eJnn2y2w=="
        },
        "linkify-it": {
            "version": "2.2.0",
            "resolved": "https://registry.npmjs.org/linkify-it/-/linkify-it-2.2.0.tgz",
            "integrity": "sha512-GnAl/knGn+i1U/wjBz3akz2stz+HrHLsxMwHQGofCDfPvlf+gDKN58UtfmUquTY4/MXeE2x7k19KQmeoZi94Iw==",
            "requires": {
                "uc.micro": "^1.0.1"
            }
        },
        "markdown-it-abbr": {
            "version": "1.0.4",
            "resolved": "https://registry.npmjs.org/markdown-it-abbr/-/markdown-it-abbr-1.0.4.tgz",
            "integrity": "sha1-1mtTZFIcuz3Yqlna37ovtoZcj9g="
        },
        "markdown-it-classy": {
            "version": "0.2.0",
            "resolved": "https://registry.npmjs.org/markdown-it-classy/-/markdown-it-classy-0.2.0.tgz",
            "integrity": "sha1-gytDyTgwA7jBVicZik7vZllDpQ4="
        },
        "markdown-it-deflist": {
            "version": "2.0.3",
            "resolved": "https://registry.npmjs.org/markdown-it-deflist/-/markdown-it-deflist-2.0.3.tgz",
            "integrity": "sha512-/BNZ8ksW42bflm1qQLnRI09oqU2847Z7MVavrR0MORyKLtiUYOMpwtlAfMSZAQU9UCvaUZMpgVAqoS3vpToJxw=="
        },
        "markdown-it-hashtag": {
            "version": "0.4.0",
            "resolved": "https://registry.npmjs.org/markdown-it-hashtag/-/markdown-it-hashtag-0.4.0.tgz",
            "integrity": "sha1-mYJMROsGqCFnV0zCcTmPqA15tjE="
        },
        "markdown-it-html5-media": {
            "version": "0.6.0",
            "resolved": "https://registry.npmjs.org/markdown-it-html5-media/-/markdown-it-html5-media-0.6.0.tgz",
            "integrity": "sha512-3zxk00H5adz5n/LaC+yncTfZhSxa7igVKsKNfegUJw7gNAxMEA7D6YLHzSM+isJSnTLbiqU7663hfitv/ybzeg==",
            "requires": {
                "markdown-it": "^8.4.0"
            },
            "dependencies": {
                "markdown-it": {
                    "version": "8.4.2",
                    "resolved": "https://registry.npmjs.org/markdown-it/-/markdown-it-8.4.2.tgz",
                    "integrity": "sha512-GcRz3AWTqSUphY3vsUqQSFMbgR38a4Lh3GWlHRh/7MRwz8mcu9n2IO7HOh+bXHrR9kOPDl5RNCaEsrneb+xhHQ==",
                    "requires": {
                        "argparse": "^1.0.7",
                        "entities": "~1.1.1",
                        "linkify-it": "^2.0.0",
                        "mdurl": "^1.0.1",
                        "uc.micro": "^1.0.5"
                    }
                }
            }
        },
        "markdown-it-inline-comments": {
            "version": "1.0.1",
            "resolved": "https://registry.npmjs.org/markdown-it-inline-comments/-/markdown-it-inline-comments-1.0.1.tgz",
            "integrity": "sha1-F26r5jGj4IElvXOVAPQ8UfUliW0="
        },
        "markdown-it-ins": {
            "version": "3.0.0",
            "resolved": "https://registry.npmjs.org/markdown-it-ins/-/markdown-it-ins-3.0.0.tgz",
            "integrity": "sha512-+vyAdBuMGwmT2yMlAFJSx2VR/0QZ1onQ/Mkkmr4l9tDFOh5sVoAgRbkgbuSsk+sxJ9vaMH/IQ323ydfvQrPO/Q=="
        },
        "markdown-it-smartarrows": {
            "version": "1.0.1",
            "resolved": "https://registry.npmjs.org/markdown-it-smartarrows/-/markdown-it-smartarrows-1.0.1.tgz",
            "integrity": "sha1-tXDpwP+YEuDbas4Zr6W6ErZLuac="
        },
        "markdown-it-sub": {
            "version": "1.0.0",
            "resolved": "https://registry.npmjs.org/markdown-it-sub/-/markdown-it-sub-1.0.0.tgz",
            "integrity": "sha1-N1/WAm6ufdywEkl/ZBEZXqHjr+g="
        },
        "markdown-it-sup": {
            "version": "1.0.0",
            "resolved": "https://registry.npmjs.org/markdown-it-sup/-/markdown-it-sup-1.0.0.tgz",
            "integrity": "sha1-y5yf+RpSVawI8/09YyhuFd8KH8M="
        },
        "mdurl": {
            "version": "1.0.1",
            "resolved": "https://registry.npmjs.org/mdurl/-/mdurl-1.0.1.tgz",
            "integrity": "sha1-/oWy7HWlkDfyrf7BAP1sYBdhFS4="
        },
        "sprintf-js": {
            "version": "1.0.3",
            "resolved": "https://registry.npmjs.org/sprintf-js/-/sprintf-js-1.0.3.tgz",
            "integrity": "sha1-BOaSb2YolTVPPdAVIDYzuFcpfiw="
        },
        "uc.micro": {
            "version": "1.0.6",
            "resolved": "https://registry.npmjs.org/uc.micro/-/uc.micro-1.0.6.tgz",
            "integrity": "sha512-8Y75pvTYkLJW2hWQHXxoqRgV7qb9B+9vFEtidML+7koHUFapnVJAZ6cKs+Qjz5Aw3aZWHMC6u0wJE3At+nSGwA=="
        }
    }
}
